
Microsoft Visual Studio Solution File, Format Version 12.00
# Visual Studio Version 17
VisualStudioVersion = 17.9.34511.98
MinimumVisualStudioVersion = 10.0.40219.1
Project("{9A19103F-16F7-4668-BE54-9A1E7A4F7556}") = "languageInstitute", "languageInstitute\languageInstitute.csproj", "{40654010-8EE5-4182-AAC5-FE51830AACA1}"
EndProject
Project("{2150E333-8FDC-42A3-9474-1A3956D46DE8}") = "Core", "Core", "{A4037705-69A5-4B0F-AB7D-24DC1A6CAB63}"
EndProject
Project("{9A19103F-16F7-4668-BE54-9A1E7A4F7556}") = "languageInstitute.Domain", "languageInstitute.Domain\languageInstitute.Domain.csproj", "{B651C7EB-F2AE-477C-AF6E-E1142FB053C6}"
EndProject
Project("{9A19103F-16F7-4668-BE54-9A1E7A4F7556}") = "languageInstitute.Application", "languageInstitute.Application\languageInstitute.Application.csproj", "{508C246E-097A-4651-AE31-4E377563EF92}"
EndProject
Project("{2150E333-8FDC-42A3-9474-1A3956D46DE8}") = "Presentation", "Presentation", "{27E68E3E-D8A6-4390-A58B-3EDD92CFD183}"
EndProject
Project("{2150E333-8FDC-42A3-9474-1A3956D46DE8}") = "Infrastructure", "Infrastructure", "{9C508E28-286B-4286-917A-0F815EF8B95A}"
EndProject
Project("{9A19103F-16F7-4668-BE54-9A1E7A4F7556}") = "languageInstitute.Infrastructure", "languageInstitute.Infrastructure\languageInstitute.Infrastructure.csproj", "{1DFC9CCB-C1DB-4935-8AB2-1BBF8FF4316F}"
EndProject
Project("{9A19103F-16F7-4668-BE54-9A1E7A4F7556}") = "languageInstitute.Infrastructure.Identity", "languageInstitute.Infrastructure.Identity\languageInstitute.Infrastructure.Identity.csproj", "{A5B7D691-8DA5-44E6-8B06-AD950FBE2BCA}"
EndProject
Project("{9A19103F-16F7-4668-BE54-9A1E7A4F7556}") = "languageInstitute.Infrastructure.Shared", "languageInstitute.Infrastructure.Shared\languageInstitute.Infrastructure.Shared.csproj", "{D28DDE7C-FF5F-475E-B754-6CB22D858363}"
EndProject
Project("{2150E333-8FDC-42A3-9474-1A3956D46DE8}") = "src", "src", "{A896B4C2-D476-4CB5-95EF-CEEE8393FAD3}"
EndProject
Project("{2150E333-8FDC-42A3-9474-1A3956D46DE8}") = "Services", "Services", "{3D5A5B0A-61E4-4F11-8E37-069F98605E9B}"
EndProject
Project("{2150E333-8FDC-42A3-9474-1A3956D46DE8}") = "Gateway", "Gateway", "{B42995B1-EAF9-4B33-A363-857FA5F3B271}"
EndProject
Project("{9A19103F-16F7-4668-BE54-9A1E7A4F7556}") = "languageInstitute.Gateway", "languageInstitute.Gateway\languageInstitute.Gateway.csproj", "{A9FBF11A-2ECE-41E0-A91F-372E0B8C6039}"
EndProject
Project("{2150E333-8FDC-42A3-9474-1A3956D46DE8}") = "EducationService", "EducationService", "{B64D3246-8F92-4B48-B780-88F9C1493C77}"
EndProject
Project("{2150E333-8FDC-42A3-9474-1A3956D46DE8}") = "Shared", "Shared", "{465785BC-2077-4BD4-B383-09D5495A8E74}"
EndProject
Global
	GlobalSection(SolutionConfigurationPlatforms) = preSolution
		Debug|Any CPU = Debug|Any CPU
		Release|Any CPU = Release|Any CPU
	EndGlobalSection
	GlobalSection(ProjectConfigurationPlatforms) = postSolution
		{40654010-8EE5-4182-AAC5-FE51830AACA1}.Debug|Any CPU.ActiveCfg = Debug|Any CPU
		{40654010-8EE5-4182-AAC5-FE51830AACA1}.Debug|Any CPU.Build.0 = Debug|Any CPU
		{40654010-8EE5-4182-AAC5-FE51830AACA1}.Release|Any CPU.ActiveCfg = Release|Any CPU
		{40654010-8EE5-4182-AAC5-FE51830AACA1}.Release|Any CPU.Build.0 = Release|Any CPU
		{B651C7EB-F2AE-477C-AF6E-E1142FB053C6}.Debug|Any CPU.ActiveCfg = Debug|Any CPU
		{B651C7EB-F2AE-477C-AF6E-E1142FB053C6}.Debug|Any CPU.Build.0 = Debug|Any CPU
		{B651C7EB-F2AE-477C-AF6E-E1142FB053C6}.Release|Any CPU.ActiveCfg = Release|Any CPU
		{B651C7EB-F2AE-477C-AF6E-E1142FB053C6}.Release|Any CPU.Build.0 = Release|Any CPU
		{508C246E-097A-4651-AE31-4E377563EF92}.Debug|Any CPU.ActiveCfg = Debug|Any CPU
		{508C246E-097A-4651-AE31-4E377563EF92}.Debug|Any CPU.Build.0 = Debug|Any CPU
		{508C246E-097A-4651-AE31-4E377563EF92}.Release|Any CPU.ActiveCfg = Release|Any CPU
		{508C246E-097A-4651-AE31-4E377563EF92}.Release|Any CPU.Build.0 = Release|Any CPU
		{1DFC9CCB-C1DB-4935-8AB2-1BBF8FF4316F}.Debug|Any CPU.ActiveCfg = Debug|Any CPU
		{1DFC9CCB-C1DB-4935-8AB2-1BBF8FF4316F}.Debug|Any CPU.Build.0 = Debug|Any CPU
		{1DFC9CCB-C1DB-4935-8AB2-1BBF8FF4316F}.Release|Any CPU.ActiveCfg = Release|Any CPU
		{1DFC9CCB-C1DB-4935-8AB2-1BBF8FF4316F}.Release|Any CPU.Build.0 = Release|Any CPU
		{A5B7D691-8DA5-44E6-8B06-AD950FBE2BCA}.Debug|Any CPU.ActiveCfg = Debug|Any CPU
		{A5B7D691-8DA5-44E6-8B06-AD950FBE2BCA}.Debug|Any CPU.Build.0 = Debug|Any CPU
		{A5B7D691-8DA5-44E6-8B06-AD950FBE2BCA}.Release|Any CPU.ActiveCfg = Release|Any CPU
		{A5B7D691-8DA5-44E6-8B06-AD950FBE2BCA}.Release|Any CPU.Build.0 = Release|Any CPU
		{D28DDE7C-FF5F-475E-B754-6CB22D858363}.Debug|Any CPU.ActiveCfg = Debug|Any CPU
		{D28DDE7C-FF5F-475E-B754-6CB22D858363}.Debug|Any CPU.Build.0 = Debug|Any CPU
		{D28DDE7C-FF5F-475E-B754-6CB22D858363}.Release|Any CPU.ActiveCfg = Release|Any CPU
		{D28DDE7C-FF5F-475E-B754-6CB22D858363}.Release|Any CPU.Build.0 = Release|Any CPU
		{A9FBF11A-2ECE-41E0-A91F-372E0B8C6039}.Debug|Any CPU.ActiveCfg = Debug|Any CPU
		{A9FBF11A-2ECE-41E0-A91F-372E0B8C6039}.Debug|Any CPU.Build.0 = Debug|Any CPU
		{A9FBF11A-2ECE-41E0-A91F-372E0B8C6039}.Release|Any CPU.ActiveCfg = Release|Any CPU
		{A9FBF11A-2ECE-41E0-A91F-372E0B8C6039}.Release|Any CPU.Build.0 = Release|Any CPU
	EndGlobalSection
	GlobalSection(SolutionProperties) = preSolution
		HideSolutionNode = FALSE
	EndGlobalSection
	GlobalSection(NestedProjects) = preSolution
		{40654010-8EE5-4182-AAC5-FE51830AACA1} = {27E68E3E-D8A6-4390-A58B-3EDD92CFD183}
		{A4037705-69A5-4B0F-AB7D-24DC1A6CAB63} = {B64D3246-8F92-4B48-B780-88F9C1493C77}
		{B651C7EB-F2AE-477C-AF6E-E1142FB053C6} = {A4037705-69A5-4B0F-AB7D-24DC1A6CAB63}
		{508C246E-097A-4651-AE31-4E377563EF92} = {A4037705-69A5-4B0F-AB7D-24DC1A6CAB63}
		{27E68E3E-D8A6-4390-A58B-3EDD92CFD183} = {B64D3246-8F92-4B48-B780-88F9C1493C77}
		{9C508E28-286B-4286-917A-0F815EF8B95A} = {B64D3246-8F92-4B48-B780-88F9C1493C77}
		{1DFC9CCB-C1DB-4935-8AB2-1BBF8FF4316F} = {9C508E28-286B-4286-917A-0F815EF8B95A}
		{A5B7D691-8DA5-44E6-8B06-AD950FBE2BCA} = {9C508E28-286B-4286-917A-0F815EF8B95A}
		{D28DDE7C-FF5F-475E-B754-6CB22D858363} = {9C508E28-286B-4286-917A-0F815EF8B95A}
		{3D5A5B0A-61E4-4F11-8E37-069F98605E9B} = {A896B4C2-D476-4CB5-95EF-CEEE8393FAD3}
		{B42995B1-EAF9-4B33-A363-857FA5F3B271} = {A896B4C2-D476-4CB5-95EF-CEEE8393FAD3}
		{A9FBF11A-2ECE-41E0-A91F-372E0B8C6039} = {B42995B1-EAF9-4B33-A363-857FA5F3B271}
		{B64D3246-8F92-4B48-B780-88F9C1493C77} = {3D5A5B0A-61E4-4F11-8E37-069F98605E9B}
		{465785BC-2077-4BD4-B383-09D5495A8E74} = {B64D3246-8F92-4B48-B780-88F9C1493C77}
	EndGlobalSection
	GlobalSection(ExtensibilityGlobals) = postSolution
		SolutionGuid = {6C47BBE2-09BC-4398-A0A5-A8704CBE298C}
	EndGlobalSection
EndGlobal
